
Microsoft Visual Studio Solution File, Format Version 12.00
# Visual Studio 15
VisualStudioVersion = 15.0.26430.12
MinimumVisualStudioVersion = 10.0.40219.1
Project("{D954291E-2A0B-460D-934E-DC6B0785DB48}") = "MapAppTest", "MapAppTest\MapAppTest\MapAppTest.shproj", "{4A179B58-84E6-4E7C-B80D-F955B4AA9C40}"
EndProject
Project("{FAE04EC0-301F-11D3-BF4B-00C04F79EFBC}") = "MapAppTest.Android", "MapAppTest\MapAppTest.Android\MapAppTest.Android.csproj", "{80F86508-660F-4934-8874-721C8F98489D}"
EndProject
Project("{FAE04EC0-301F-11D3-BF4B-00C04F79EFBC}") = "MapAppTest.iOS", "MapAppTest\MapAppTest.iOS\MapAppTest.iOS.csproj", "{55A8FD68-79E3-4808-ABA6-6CD3CD169568}"
EndProject
Project("{FAE04EC0-301F-11D3-BF4B-00C04F79EFBC}") = "MapAppTest.UWP", "MapAppTest\MapAppTest.UWP\MapAppTest.UWP.csproj", "{08112F13-4127-43ED-BC59-9325345C3EEF}"
EndProject
Project("{FAE04EC0-301F-11D3-BF4B-00C04F79EFBC}") = "UnitTestProject1", "UnitTestProject1\UnitTestProject1.csproj", "{9072CE73-C0B2-4EB5-9B0B-67E87B730698}"
EndProject
Global
	GlobalSection(SharedMSBuildProjectFiles) = preSolution
		MapAppTest\MapAppTest\MapAppTest.projitems*{08112f13-4127-43ed-bc59-9325345c3eef}*SharedItemsImports = 4
		MapAppTest\MapAppTest\MapAppTest.projitems*{4a179b58-84e6-4e7c-b80d-f955b4aa9c40}*SharedItemsImports = 13
		MapAppTest\MapAppTest\MapAppTest.projitems*{55a8fd68-79e3-4808-aba6-6cd3cd169568}*SharedItemsImports = 4
		MapAppTest\MapAppTest\MapAppTest.projitems*{80f86508-660f-4934-8874-721c8f98489d}*SharedItemsImports = 4
	EndGlobalSection
	GlobalSection(SolutionConfigurationPlatforms) = preSolution
		Ad-Hoc|Any CPU = Ad-Hoc|Any CPU
		Ad-Hoc|ARM = Ad-Hoc|ARM
		Ad-Hoc|iPhone = Ad-Hoc|iPhone
		Ad-Hoc|iPhoneSimulator = Ad-Hoc|iPhoneSimulator
		Ad-Hoc|x64 = Ad-Hoc|x64
		Ad-Hoc|x86 = Ad-Hoc|x86
		AppStore|Any CPU = AppStore|Any CPU
		AppStore|ARM = AppStore|ARM
		AppStore|iPhone = AppStore|iPhone
		AppStore|iPhoneSimulator = AppStore|iPhoneSimulator
		AppStore|x64 = AppStore|x64
		AppStore|x86 = AppStore|x86
		Debug|Any CPU = Debug|Any CPU
		Debug|ARM = Debug|ARM
		Debug|iPhone = Debug|iPhone
		Debug|iPhoneSimulator = Debug|iPhoneSimulator
		Debug|x64 = Debug|x64
		Debug|x86 = Debug|x86
		Release|Any CPU = Release|Any CPU
		Release|ARM = Release|ARM
		Release|iPhone = Release|iPhone
		Release|iPhoneSimulator = Release|iPhoneSimulator
		Release|x64 = Release|x64
		Release|x86 = Release|x86
	EndGlobalSection
	GlobalSection(ProjectConfigurationPlatforms) = postSolution
		{80F86508-660F-4934-8874-721C8F98489D}.Ad-Hoc|Any CPU.ActiveCfg = Release|Any CPU
		{80F86508-660F-4934-8874-721C8F98489D}.Ad-Hoc|Any CPU.Build.0 = Release|Any CPU
		{80F86508-660F-4934-8874-721C8F98489D}.Ad-Hoc|Any CPU.Deploy.0 = Release|Any CPU
		{80F86508-660F-4934-8874-721C8F98489D}.Ad-Hoc|ARM.ActiveCfg = Release|Any CPU
		{80F86508-660F-4934-8874-721C8F98489D}.Ad-Hoc|ARM.Build.0 = Release|Any CPU
		{80F86508-660F-4934-8874-721C8F98489D}.Ad-Hoc|ARM.Deploy.0 = Release|Any CPU
		{80F86508-660F-4934-8874-721C8F98489D}.Ad-Hoc|iPhone.ActiveCfg = Release|Any CPU
		{80F86508-660F-4934-8874-721C8F98489D}.Ad-Hoc|iPhone.Build.0 = Release|Any CPU
		{80F86508-660F-4934-8874-721C8F98489D}.Ad-Hoc|iPhone.Deploy.0 = Release|Any CPU
		{80F86508-660F-4934-8874-721C8F98489D}.Ad-Hoc|iPhoneSimulator.ActiveCfg = Release|Any CPU
		{80F86508-660F-4934-8874-721C8F98489D}.Ad-Hoc|iPhoneSimulator.Build.0 = Release|Any CPU
		{80F86508-660F-4934-8874-721C8F98489D}.Ad-Hoc|iPhoneSimulator.Deploy.0 = Release|Any CPU
		{80F86508-660F-4934-8874-721C8F98489D}.Ad-Hoc|x64.ActiveCfg = Release|Any CPU
		{80F86508-660F-4934-8874-721C8F98489D}.Ad-Hoc|x64.Build.0 = Release|Any CPU
		{80F86508-660F-4934-8874-721C8F98489D}.Ad-Hoc|x64.Deploy.0 = Release|Any CPU
		{80F86508-660F-4934-8874-721C8F98489D}.Ad-Hoc|x86.ActiveCfg = Release|Any CPU
		{80F86508-660F-4934-8874-721C8F98489D}.Ad-Hoc|x86.Build.0 = Release|Any CPU
		{80F86508-660F-4934-8874-721C8F98489D}.Ad-Hoc|x86.Deploy.0 = Release|Any CPU
		{80F86508-660F-4934-8874-721C8F98489D}.AppStore|Any CPU.ActiveCfg = Release|Any CPU
		{80F86508-660F-4934-8874-721C8F98489D}.AppStore|Any CPU.Build.0 = Release|Any CPU
		{80F86508-660F-4934-8874-721C8F98489D}.AppStore|Any CPU.Deploy.0 = Release|Any CPU
		{80F86508-660F-4934-8874-721C8F98489D}.AppStore|ARM.ActiveCfg = Release|Any CPU
		{80F86508-660F-4934-8874-721C8F98489D}.AppStore|ARM.Build.0 = Release|Any CPU
		{80F86508-660F-4934-8874-721C8F98489D}.AppStore|ARM.Deploy.0 = Release|Any CPU
		{80F86508-660F-4934-8874-721C8F98489D}.AppStore|iPhone.ActiveCfg = Release|Any CPU
		{80F86508-660F-4934-8874-721C8F98489D}.AppStore|iPhone.Build.0 = Release|Any CPU
		{80F86508-660F-4934-8874-721C8F98489D}.AppStore|iPhone.Deploy.0 = Release|Any CPU
		{80F86508-660F-4934-8874-721C8F98489D}.AppStore|iPhoneSimulator.ActiveCfg = Release|Any CPU
		{80F86508-660F-4934-8874-721C8F98489D}.AppStore|iPhoneSimulator.Build.0 = Release|Any CPU
		{80F86508-660F-4934-8874-721C8F98489D}.AppStore|iPhoneSimulator.Deploy.0 = Release|Any CPU
		{80F86508-660F-4934-8874-721C8F98489D}.AppStore|x64.ActiveCfg = Release|Any CPU
		{80F86508-660F-4934-8874-721C8F98489D}.AppStore|x64.Build.0 = Release|Any CPU
		{80F86508-660F-4934-8874-721C8F98489D}.AppStore|x64.Deploy.0 = Release|Any CPU
		{80F86508-660F-4934-8874-721C8F98489D}.AppStore|x86.ActiveCfg = Release|Any CPU
		{80F86508-660F-4934-8874-721C8F98489D}.AppStore|x86.Build.0 = Release|Any CPU
		{80F86508-660F-4934-8874-721C8F98489D}.AppStore|x86.Deploy.0 = Release|Any CPU
		{80F86508-660F-4934-8874-721C8F98489D}.Debug|Any CPU.ActiveCfg = Debug|Any CPU
		{80F86508-660F-4934-8874-721C8F98489D}.Debug|Any CPU.Build.0 = Debug|Any CPU
		{80F86508-660F-4934-8874-721C8F98489D}.Debug|Any CPU.Deploy.0 = Debug|Any CPU
		{80F86508-660F-4934-8874-721C8F98489D}.Debug|ARM.ActiveCfg = Debug|Any CPU
		{80F86508-660F-4934-8874-721C8F98489D}.Debug|ARM.Build.0 = Debug|Any CPU
		{80F86508-660F-4934-8874-721C8F98489D}.Debug|ARM.Deploy.0 = Debug|Any CPU
		{80F86508-660F-4934-8874-721C8F98489D}.Debug|iPhone.ActiveCfg = Debug|Any CPU
		{80F86508-660F-4934-8874-721C8F98489D}.Debug|iPhone.Build.0 = Debug|Any CPU
		{80F86508-660F-4934-8874-721C8F98489D}.Debug|iPhone.Deploy.0 = Debug|Any CPU
		{80F86508-660F-4934-8874-721C8F98489D}.Debug|iPhoneSimulator.ActiveCfg = Debug|Any CPU
		{80F86508-660F-4934-8874-721C8F98489D}.Debug|iPhoneSimulator.Build.0 = Debug|Any CPU
		{80F86508-660F-4934-8874-721C8F98489D}.Debug|iPhoneSimulator.Deploy.0 = Debug|Any CPU
		{80F86508-660F-4934-8874-721C8F98489D}.Debug|x64.ActiveCfg = Debug|Any CPU
		{80F86508-660F-4934-8874-721C8F98489D}.Debug|x64.Build.0 = Debug|Any CPU
		{80F86508-660F-4934-8874-721C8F98489D}.Debug|x64.Deploy.0 = Debug|Any CPU
		{80F86508-660F-4934-8874-721C8F98489D}.Debug|x86.ActiveCfg = Debug|Any CPU
		{80F86508-660F-4934-8874-721C8F98489D}.Debug|x86.Build.0 = Debug|Any CPU
		{80F86508-660F-4934-8874-721C8F98489D}.Debug|x86.Deploy.0 = Debug|Any CPU
		{80F86508-660F-4934-8874-721C8F98489D}.Release|Any CPU.ActiveCfg = Release|Any CPU
		{80F86508-660F-4934-8874-721C8F98489D}.Release|Any CPU.Build.0 = Release|Any CPU
		{80F86508-660F-4934-8874-721C8F98489D}.Release|Any CPU.Deploy.0 = Release|Any CPU
		{80F86508-660F-4934-8874-721C8F98489D}.Release|ARM.ActiveCfg = Release|Any CPU
		{80F86508-660F-4934-8874-721C8F98489D}.Release|ARM.Build.0 = Release|Any CPU
		{80F86508-660F-4934-8874-721C8F98489D}.Release|ARM.Deploy.0 = Release|Any CPU
		{80F86508-660F-4934-8874-721C8F98489D}.Release|iPhone.ActiveCfg = Release|Any CPU
		{80F86508-660F-4934-8874-721C8F98489D}.Release|iPhone.Build.0 = Release|Any CPU
		{80F86508-660F-4934-8874-721C8F98489D}.Release|iPhone.Deploy.0 = Release|Any CPU
		{80F86508-660F-4934-8874-721C8F98489D}.Release|iPhoneSimulator.ActiveCfg = Release|Any CPU
		{80F86508-660F-4934-8874-721C8F98489D}.Release|iPhoneSimulator.Build.0 = Release|Any CPU
		{80F86508-660F-4934-8874-721C8F98489D}.Release|iPhoneSimulator.Deploy.0 = Release|Any CPU
		{80F86508-660F-4934-8874-721C8F98489D}.Release|x64.ActiveCfg = Release|Any CPU
		{80F86508-660F-4934-8874-721C8F98489D}.Release|x64.Build.0 = Release|Any CPU
		{80F86508-660F-4934-8874-721C8F98489D}.Release|x64.Deploy.0 = Release|Any CPU
		{80F86508-660F-4934-8874-721C8F98489D}.Release|x86.ActiveCfg = Release|Any CPU
		{80F86508-660F-4934-8874-721C8F98489D}.Release|x86.Build.0 = Release|Any CPU
		{80F86508-660F-4934-8874-721C8F98489D}.Release|x86.Deploy.0 = Release|Any CPU
		{55A8FD68-79E3-4808-ABA6-6CD3CD169568}.Ad-Hoc|Any CPU.ActiveCfg = Ad-Hoc|iPhone
		{55A8FD68-79E3-4808-ABA6-6CD3CD169568}.Ad-Hoc|ARM.ActiveCfg = Ad-Hoc|iPhone
		{55A8FD68-79E3-4808-ABA6-6CD3CD169568}.Ad-Hoc|iPhone.ActiveCfg = Ad-Hoc|iPhone
		{55A8FD68-79E3-4808-ABA6-6CD3CD169568}.Ad-Hoc|iPhone.Build.0 = Ad-Hoc|iPhone
		{55A8FD68-79E3-4808-ABA6-6CD3CD169568}.Ad-Hoc|iPhoneSimulator.ActiveCfg = Ad-Hoc|iPhoneSimulator
		{55A8FD68-79E3-4808-ABA6-6CD3CD169568}.Ad-Hoc|iPhoneSimulator.Build.0 = Ad-Hoc|iPhoneSimulator
		{55A8FD68-79E3-4808-ABA6-6CD3CD169568}.Ad-Hoc|x64.ActiveCfg = Ad-Hoc|iPhone
		{55A8FD68-79E3-4808-ABA6-6CD3CD169568}.Ad-Hoc|x86.ActiveCfg = Ad-Hoc|iPhone
		{55A8FD68-79E3-4808-ABA6-6CD3CD169568}.AppStore|Any CPU.ActiveCfg = AppStore|iPhone
		{55A8FD68-79E3-4808-ABA6-6CD3CD169568}.AppStore|ARM.ActiveCfg = AppStore|iPhone
		{55A8FD68-79E3-4808-ABA6-6CD3CD169568}.AppStore|iPhone.ActiveCfg = AppStore|iPhone
		{55A8FD68-79E3-4808-ABA6-6CD3CD169568}.AppStore|iPhone.Build.0 = AppStore|iPhone
		{55A8FD68-79E3-4808-ABA6-6CD3CD169568}.AppStore|iPhoneSimulator.ActiveCfg = AppStore|iPhoneSimulator
		{55A8FD68-79E3-4808-ABA6-6CD3CD169568}.AppStore|iPhoneSimulator.Build.0 = AppStore|iPhoneSimulator
		{55A8FD68-79E3-4808-ABA6-6CD3CD169568}.AppStore|x64.ActiveCfg = AppStore|iPhone
		{55A8FD68-79E3-4808-ABA6-6CD3CD169568}.AppStore|x86.ActiveCfg = AppStore|iPhone
		{55A8FD68-79E3-4808-ABA6-6CD3CD169568}.Debug|Any CPU.ActiveCfg = Debug|iPhone
		{55A8FD68-79E3-4808-ABA6-6CD3CD169568}.Debug|ARM.ActiveCfg = Debug|iPhone
		{55A8FD68-79E3-4808-ABA6-6CD3CD169568}.Debug|iPhone.ActiveCfg = Debug|iPhone
		{55A8FD68-79E3-4808-ABA6-6CD3CD169568}.Debug|iPhone.Build.0 = Debug|iPhone
		{55A8FD68-79E3-4808-ABA6-6CD3CD169568}.Debug|iPhoneSimulator.ActiveCfg = Debug|iPhoneSimulator
		{55A8FD68-79E3-4808-ABA6-6CD3CD169568}.Debug|iPhoneSimulator.Build.0 = Debug|iPhoneSimulator
		{55A8FD68-79E3-4808-ABA6-6CD3CD169568}.Debug|x64.ActiveCfg = Debug|iPhone
		{55A8FD68-79E3-4808-ABA6-6CD3CD169568}.Debug|x86.ActiveCfg = Debug|iPhone
		{55A8FD68-79E3-4808-ABA6-6CD3CD169568}.Release|Any CPU.ActiveCfg = Release|iPhone
		{55A8FD68-79E3-4808-ABA6-6CD3CD169568}.Release|ARM.ActiveCfg = Release|iPhone
		{55A8FD68-79E3-4808-ABA6-6CD3CD169568}.Release|iPhone.ActiveCfg = Release|iPhone
		{55A8FD68-79E3-4808-ABA6-6CD3CD169568}.Release|iPhone.Build.0 = Release|iPhone
		{55A8FD68-79E3-4808-ABA6-6CD3CD169568}.Release|iPhoneSimulator.ActiveCfg = Release|iPhoneSimulator
		{55A8FD68-79E3-4808-ABA6-6CD3CD169568}.Release|iPhoneSimulator.Build.0 = Release|iPhoneSimulator
		{55A8FD68-79E3-4808-ABA6-6CD3CD169568}.Release|x64.ActiveCfg = Release|iPhone
		{55A8FD68-79E3-4808-ABA6-6CD3CD169568}.Release|x86.ActiveCfg = Release|iPhone
		{08112F13-4127-43ED-BC59-9325345C3EEF}.Ad-Hoc|Any CPU.ActiveCfg = Release|x86
		{08112F13-4127-43ED-BC59-9325345C3EEF}.Ad-Hoc|Any CPU.Build.0 = Release|x86
		{08112F13-4127-43ED-BC59-9325345C3EEF}.Ad-Hoc|Any CPU.Deploy.0 = Release|x86
		{08112F13-4127-43ED-BC59-9325345C3EEF}.Ad-Hoc|ARM.ActiveCfg = Release|ARM
		{08112F13-4127-43ED-BC59-9325345C3EEF}.Ad-Hoc|ARM.Build.0 = Release|ARM
		{08112F13-4127-43ED-BC59-9325345C3EEF}.Ad-Hoc|ARM.Deploy.0 = Release|ARM
		{08112F13-4127-43ED-BC59-9325345C3EEF}.Ad-Hoc|iPhone.ActiveCfg = Release|x86
		{08112F13-4127-43ED-BC59-9325345C3EEF}.Ad-Hoc|iPhone.Build.0 = Release|x86
		{08112F13-4127-43ED-BC59-9325345C3EEF}.Ad-Hoc|iPhone.Deploy.0 = Release|x86
		{08112F13-4127-43ED-BC59-9325345C3EEF}.Ad-Hoc|iPhoneSimulator.ActiveCfg = Release|x86
		{08112F13-4127-43ED-BC59-9325345C3EEF}.Ad-Hoc|iPhoneSimulator.Build.0 = Release|x86
		{08112F13-4127-43ED-BC59-9325345C3EEF}.Ad-Hoc|iPhoneSimulator.Deploy.0 = Release|x86
		{08112F13-4127-43ED-BC59-9325345C3EEF}.Ad-Hoc|x64.ActiveCfg = Release|x64
		{08112F13-4127-43ED-BC59-9325345C3EEF}.Ad-Hoc|x64.Build.0 = Release|x64
		{08112F13-4127-43ED-BC59-9325345C3EEF}.Ad-Hoc|x64.Deploy.0 = Release|x64
		{08112F13-4127-43ED-BC59-9325345C3EEF}.Ad-Hoc|x86.ActiveCfg = Release|x86
		{08112F13-4127-43ED-BC59-9325345C3EEF}.Ad-Hoc|x86.Build.0 = Release|x86
		{08112F13-4127-43ED-BC59-9325345C3EEF}.Ad-Hoc|x86.Deploy.0 = Release|x86
		{08112F13-4127-43ED-BC59-9325345C3EEF}.AppStore|Any CPU.ActiveCfg = Release|x86
		{08112F13-4127-43ED-BC59-9325345C3EEF}.AppStore|Any CPU.Build.0 = Release|x86
		{08112F13-4127-43ED-BC59-9325345C3EEF}.AppStore|Any CPU.Deploy.0 = Release|x86
		{08112F13-4127-43ED-BC59-9325345C3EEF}.AppStore|ARM.ActiveCfg = Release|ARM
		{08112F13-4127-43ED-BC59-9325345C3EEF}.AppStore|ARM.Build.0 = Release|ARM
		{08112F13-4127-43ED-BC59-9325345C3EEF}.AppStore|ARM.Deploy.0 = Release|ARM
		{08112F13-4127-43ED-BC59-9325345C3EEF}.AppStore|iPhone.ActiveCfg = Release|x86
		{08112F13-4127-43ED-BC59-9325345C3EEF}.AppStore|iPhone.Build.0 = Release|x86
		{08112F13-4127-43ED-BC59-9325345C3EEF}.AppStore|iPhone.Deploy.0 = Release|x86
		{08112F13-4127-43ED-BC59-9325345C3EEF}.AppStore|iPhoneSimulator.ActiveCfg = Release|x86
		{08112F13-4127-43ED-BC59-9325345C3EEF}.AppStore|iPhoneSimulator.Build.0 = Release|x86
		{08112F13-4127-43ED-BC59-9325345C3EEF}.AppStore|iPhoneSimulator.Deploy.0 = Release|x86
		{08112F13-4127-43ED-BC59-9325345C3EEF}.AppStore|x64.ActiveCfg = Release|x64
		{08112F13-4127-43ED-BC59-9325345C3EEF}.AppStore|x64.Build.0 = Release|x64
		{08112F13-4127-43ED-BC59-9325345C3EEF}.AppStore|x64.Deploy.0 = Release|x64
		{08112F13-4127-43ED-BC59-9325345C3EEF}.AppStore|x86.ActiveCfg = Release|x86
		{08112F13-4127-43ED-BC59-9325345C3EEF}.AppStore|x86.Build.0 = Release|x86
		{08112F13-4127-43ED-BC59-9325345C3EEF}.AppStore|x86.Deploy.0 = Release|x86
		{08112F13-4127-43ED-BC59-9325345C3EEF}.Debug|Any CPU.ActiveCfg = Debug|x86
		{08112F13-4127-43ED-BC59-9325345C3EEF}.Debug|ARM.ActiveCfg = Debug|ARM
		{08112F13-4127-43ED-BC59-9325345C3EEF}.Debug|ARM.Build.0 = Debug|ARM
		{08112F13-4127-43ED-BC59-9325345C3EEF}.Debug|ARM.Deploy.0 = Debug|ARM
		{08112F13-4127-43ED-BC59-9325345C3EEF}.Debug|iPhone.ActiveCfg = Debug|x86
		{08112F13-4127-43ED-BC59-9325345C3EEF}.Debug|iPhoneSimulator.ActiveCfg = Debug|x86
		{08112F13-4127-43ED-BC59-9325345C3EEF}.Debug|x64.ActiveCfg = Debug|x64
		{08112F13-4127-43ED-BC59-9325345C3EEF}.Debug|x64.Build.0 = Debug|x64
		{08112F13-4127-43ED-BC59-9325345C3EEF}.Debug|x64.Deploy.0 = Debug|x64
		{08112F13-4127-43ED-BC59-9325345C3EEF}.Debug|x86.ActiveCfg = Debug|x86
		{08112F13-4127-43ED-BC59-9325345C3EEF}.Debug|x86.Build.0 = Debug|x86
		{08112F13-4127-43ED-BC59-9325345C3EEF}.Debug|x86.Deploy.0 = Debug|x86
		{08112F13-4127-43ED-BC59-9325345C3EEF}.Release|Any CPU.ActiveCfg = Release|x86
		{08112F13-4127-43ED-BC59-9325345C3EEF}.Release|ARM.ActiveCfg = Release|ARM
		{08112F13-4127-43ED-BC59-9325345C3EEF}.Release|ARM.Build.0 = Release|ARM
		{08112F13-4127-43ED-BC59-9325345C3EEF}.Release|ARM.Deploy.0 = Release|ARM
		{08112F13-4127-43ED-BC59-9325345C3EEF}.Release|iPhone.ActiveCfg = Release|x86
		{08112F13-4127-43ED-BC59-9325345C3EEF}.Release|iPhoneSimulator.ActiveCfg = Release|x86
		{08112F13-4127-43ED-BC59-9325345C3EEF}.Release|x64.ActiveCfg = Release|x64
		{08112F13-4127-43ED-BC59-9325345C3EEF}.Release|x64.Build.0 = Release|x64
		{08112F13-4127-43ED-BC59-9325345C3EEF}.Release|x64.Deploy.0 = Release|x64
		{08112F13-4127-43ED-BC59-9325345C3EEF}.Release|x86.ActiveCfg = Release|x86
		{08112F13-4127-43ED-BC59-9325345C3EEF}.Release|x86.Build.0 = Release|x86
		{08112F13-4127-43ED-BC59-9325345C3EEF}.Release|x86.Deploy.0 = Release|x86
		{9072CE73-C0B2-4EB5-9B0B-67E87B730698}.Ad-Hoc|Any CPU.ActiveCfg = Release|Any CPU
		{9072CE73-C0B2-4EB5-9B0B-67E87B730698}.Ad-Hoc|Any CPU.Build.0 = Release|Any CPU
		{9072CE73-C0B2-4EB5-9B0B-67E87B730698}.Ad-Hoc|ARM.ActiveCfg = Release|Any CPU
		{9072CE73-C0B2-4EB5-9B0B-67E87B730698}.Ad-Hoc|ARM.Build.0 = Release|Any CPU
		{9072CE73-C0B2-4EB5-9B0B-67E87B730698}.Ad-Hoc|iPhone.ActiveCfg = Release|Any CPU
		{9072CE73-C0B2-4EB5-9B0B-67E87B730698}.Ad-Hoc|iPhone.Build.0 = Release|Any CPU
		{9072CE73-C0B2-4EB5-9B0B-67E87B730698}.Ad-Hoc|iPhoneSimulator.ActiveCfg = Release|Any CPU
		{9072CE73-C0B2-4EB5-9B0B-67E87B730698}.Ad-Hoc|iPhoneSimulator.Build.0 = Release|Any CPU
		{9072CE73-C0B2-4EB5-9B0B-67E87B730698}.Ad-Hoc|x64.ActiveCfg = Release|Any CPU
		{9072CE73-C0B2-4EB5-9B0B-67E87B730698}.Ad-Hoc|x64.Build.0 = Release|Any CPU
		{9072CE73-C0B2-4EB5-9B0B-67E87B730698}.Ad-Hoc|x86.ActiveCfg = Release|Any CPU
		{9072CE73-C0B2-4EB5-9B0B-67E87B730698}.Ad-Hoc|x86.Build.0 = Release|Any CPU
		{9072CE73-C0B2-4EB5-9B0B-67E87B730698}.AppStore|Any CPU.ActiveCfg = Release|Any CPU
		{9072CE73-C0B2-4EB5-9B0B-67E87B730698}.AppStore|Any CPU.Build.0 = Release|Any CPU
		{9072CE73-C0B2-4EB5-9B0B-67E87B730698}.AppStore|ARM.ActiveCfg = Release|Any CPU
		{9072CE73-C0B2-4EB5-9B0B-67E87B730698}.AppStore|ARM.Build.0 = Release|Any CPU
		{9072CE73-C0B2-4EB5-9B0B-67E87B730698}.AppStore|iPhone.ActiveCfg = Release|Any CPU
		{9072CE73-C0B2-4EB5-9B0B-67E87B730698}.AppStore|iPhone.Build.0 = Release|Any CPU
		{9072CE73-C0B2-4EB5-9B0B-67E87B730698}.AppStore|iPhoneSimulator.ActiveCfg = Release|Any CPU
		{9072CE73-C0B2-4EB5-9B0B-67E87B730698}.AppStore|iPhoneSimulator.Build.0 = Release|Any CPU
		{9072CE73-C0B2-4EB5-9B0B-67E87B730698}.AppStore|x64.ActiveCfg = Release|Any CPU
		{9072CE73-C0B2-4EB5-9B0B-67E87B730698}.AppStore|x64.Build.0 = Release|Any CPU
		{9072CE73-C0B2-4EB5-9B0B-67E87B730698}.AppStore|x86.ActiveCfg = Release|Any CPU
		{9072CE73-C0B2-4EB5-9B0B-67E87B730698}.AppStore|x86.Build.0 = Release|Any CPU
		{9072CE73-C0B2-4EB5-9B0B-67E87B730698}.Debug|Any CPU.ActiveCfg = Debug|Any CPU
		{9072CE73-C0B2-4EB5-9B0B-67E87B730698}.Debug|ARM.ActiveCfg = Debug|Any CPU
		{9072CE73-C0B2-4EB5-9B0B-67E87B730698}.Debug|ARM.Build.0 = Debug|Any CPU
		{9072CE73-C0B2-4EB5-9B0B-67E87B730698}.Debug|iPhone.ActiveCfg = Debug|Any CPU
		{9072CE73-C0B2-4EB5-9B0B-67E87B730698}.Debug|iPhone.Build.0 = Debug|Any CPU
		{9072CE73-C0B2-4EB5-9B0B-67E87B730698}.Debug|iPhoneSimulator.ActiveCfg = Debug|Any CPU
		{9072CE73-C0B2-4EB5-9B0B-67E87B730698}.Debug|iPhoneSimulator.Build.0 = Debug|Any CPU
		{9072CE73-C0B2-4EB5-9B0B-67E87B730698}.Debug|x64.ActiveCfg = Debug|Any CPU
		{9072CE73-C0B2-4EB5-9B0B-67E87B730698}.Debug|x64.Build.0 = Debug|Any CPU
		{9072CE73-C0B2-4EB5-9B0B-67E87B730698}.Debug|x86.ActiveCfg = Debug|Any CPU
		{9072CE73-C0B2-4EB5-9B0B-67E87B730698}.Debug|x86.Build.0 = Debug|Any CPU
		{9072CE73-C0B2-4EB5-9B0B-67E87B730698}.Release|Any CPU.ActiveCfg = Release|Any CPU
		{9072CE73-C0B2-4EB5-9B0B-67E87B730698}.Release|ARM.ActiveCfg = Release|Any CPU
		{9072CE73-C0B2-4EB5-9B0B-67E87B730698}.Release|ARM.Build.0 = Release|Any CPU
		{9072CE73-C0B2-4EB5-9B0B-67E87B730698}.Release|iPhone.ActiveCfg = Release|Any CPU
		{9072CE73-C0B2-4EB5-9B0B-67E87B730698}.Release|iPhone.Build.0 = Release|Any CPU
		{9072CE73-C0B2-4EB5-9B0B-67E87B730698}.Release|iPhoneSimulator.ActiveCfg = Release|Any CPU
		{9072CE73-C0B2-4EB5-9B0B-67E87B730698}.Release|iPhoneSimulator.Build.0 = Release|Any CPU
		{9072CE73-C0B2-4EB5-9B0B-67E87B730698}.Release|x64.ActiveCfg = Release|Any CPU
		{9072CE73-C0B2-4EB5-9B0B-67E87B730698}.Release|x64.Build.0 = Release|Any CPU
		{9072CE73-C0B2-4EB5-9B0B-67E87B730698}.Release|x86.ActiveCfg = Release|Any CPU
		{9072CE73-C0B2-4EB5-9B0B-67E87B730698}.Release|x86.Build.0 = Release|Any CPU
	EndGlobalSection
	GlobalSection(SolutionProperties) = preSolution
		HideSolutionNode = FALSE
	EndGlobalSection
EndGlobal
